
Microsoft Visual Studio Solution File, Format Version 12.00
# Visual Studio 15
VisualStudioVersion = 15.0.28307.168
MinimumVisualStudioVersion = 10.0.40219.1
Project("{FAE04EC0-301F-11D3-BF4B-00C04F79EFBC}") = "mmx.Android", "mmx\mmx.Android\mmx.Android.csproj", "{24CE3C36-16B9-426D-AA0C-5961ECF8D88C}"
EndProject
Project("{FAE04EC0-301F-11D3-BF4B-00C04F79EFBC}") = "mmx.MobileAppService", "mmx\mmx.MobileAppService\mmx.MobileAppService.csproj", "{EBB361EB-9B25-486D-8CF2-4E7EB8157D2C}"
EndProject
Project("{FAE04EC0-301F-11D3-BF4B-00C04F79EFBC}") = "mmx", "mmx\mmx\mmx.csproj", "{B78A6A27-C441-454D-8730-B29FDD5C1624}"
EndProject
Global
	GlobalSection(SolutionConfigurationPlatforms) = preSolution
		Debug|Any CPU = Debug|Any CPU
		Release|Any CPU = Release|Any CPU
	EndGlobalSection
	GlobalSection(ProjectConfigurationPlatforms) = postSolution
		{24CE3C36-16B9-426D-AA0C-5961ECF8D88C}.Debug|Any CPU.ActiveCfg = Debug|Any CPU
		{24CE3C36-16B9-426D-AA0C-5961ECF8D88C}.Debug|Any CPU.Build.0 = Debug|Any CPU
		{24CE3C36-16B9-426D-AA0C-5961ECF8D88C}.Debug|Any CPU.Deploy.0 = Debug|Any CPU
		{24CE3C36-16B9-426D-AA0C-5961ECF8D88C}.Release|Any CPU.ActiveCfg = Release|Any CPU
		{24CE3C36-16B9-426D-AA0C-5961ECF8D88C}.Release|Any CPU.Build.0 = Release|Any CPU
		{24CE3C36-16B9-426D-AA0C-5961ECF8D88C}.Release|Any CPU.Deploy.0 = Release|Any CPU
		{EBB361EB-9B25-486D-8CF2-4E7EB8157D2C}.Debug|Any CPU.ActiveCfg = Debug|Any CPU
		{EBB361EB-9B25-486D-8CF2-4E7EB8157D2C}.Debug|Any CPU.Build.0 = Debug|Any CPU
		{EBB361EB-9B25-486D-8CF2-4E7EB8157D2C}.Debug|Any CPU.Deploy.0 = Debug|Any CPU
		{EBB361EB-9B25-486D-8CF2-4E7EB8157D2C}.Release|Any CPU.ActiveCfg = Release|Any CPU
		{EBB361EB-9B25-486D-8CF2-4E7EB8157D2C}.Release|Any CPU.Build.0 = Release|Any CPU
		{EBB361EB-9B25-486D-8CF2-4E7EB8157D2C}.Release|Any CPU.Deploy.0 = Release|Any CPU
		{B78A6A27-C441-454D-8730-B29FDD5C1624}.Debug|Any CPU.ActiveCfg = Debug|Any CPU
		{B78A6A27-C441-454D-8730-B29FDD5C1624}.Debug|Any CPU.Build.0 = Debug|Any CPU
		{B78A6A27-C441-454D-8730-B29FDD5C1624}.Debug|Any CPU.Deploy.0 = Debug|Any CPU
		{B78A6A27-C441-454D-8730-B29FDD5C1624}.Release|Any CPU.ActiveCfg = Release|Any CPU
		{B78A6A27-C441-454D-8730-B29FDD5C1624}.Release|Any CPU.Build.0 = Release|Any CPU
		{B78A6A27-C441-454D-8730-B29FDD5C1624}.Release|Any CPU.Deploy.0 = Release|Any CPU
	EndGlobalSection
	GlobalSection(SolutionProperties) = preSolution
		HideSolutionNode = FALSE
	EndGlobalSection
	GlobalSection(ExtensibilityGlobals) = postSolution
		SolutionGuid = {9CE545CC-C04D-4DC0-A207-53DA3FBBBCE0}
	EndGlobalSection
EndGlobal
